
Microsoft Visual Studio Solution File, Format Version 12.00
# Visual Studio Version 16
VisualStudioVersion = 16.0.31112.23
MinimumVisualStudioVersion = 10.0.40219.1
Project("{FAE04EC0-301F-11D3-BF4B-00C04F79EFBC}") = "SamplePlayerCountBot", "SamplePlayerCountBot\SamplePlayerCountBot.csproj", "{4E7F79E1-AC7D-494D-9206-3656E4D1ACFB}"
EndProject
Global
	GlobalSection(SolutionConfigurationPlatforms) = preSolution
		Debug|Any CPU = Debug|Any CPU
		Release|Any CPU = Release|Any CPU
	EndGlobalSection
	GlobalSection(ProjectConfigurationPlatforms) = postSolution
		{4E7F79E1-AC7D-494D-9206-3656E4D1ACFB}.Debug|Any CPU.ActiveCfg = Debug|Any CPU
		{4E7F79E1-AC7D-494D-9206-3656E4D1ACFB}.Debug|Any CPU.Build.0 = Debug|Any CPU
		{4E7F79E1-AC7D-494D-9206-3656E4D1ACFB}.Release|Any CPU.ActiveCfg = Release|Any CPU
		{4E7F79E1-AC7D-494D-9206-3656E4D1ACFB}.Release|Any CPU.Build.0 = Release|Any CPU
	EndGlobalSection
	GlobalSection(SolutionProperties) = preSolution
		HideSolutionNode = FALSE
	EndGlobalSection
	GlobalSection(ExtensibilityGlobals) = postSolution
		SolutionGuid = {75FB1795-6587-4A25-B313-D6EDCD8696A7}
	EndGlobalSection
EndGlobal
